
Microsoft Visual Studio Solution File, Format Version 12.00
# Visual Studio Version 16
VisualStudioVersion = 16.0.31129.286
MinimumVisualStudioVersion = 10.0.40219.1
Project("{FAE04EC0-301F-11D3-BF4B-00C04F79EFBC}") = "ListaLeitura", "ListaLeitura\ListaLeitura.csproj", "{00305EEF-B604-48BB-9AB6-F20738746C32}"
EndProject
Global
	GlobalSection(SolutionConfigurationPlatforms) = preSolution
		Debug|Any CPU = Debug|Any CPU
		Release|Any CPU = Release|Any CPU
	EndGlobalSection
	GlobalSection(ProjectConfigurationPlatforms) = postSolution
		{00305EEF-B604-48BB-9AB6-F20738746C32}.Debug|Any CPU.ActiveCfg = Debug|Any CPU
		{00305EEF-B604-48BB-9AB6-F20738746C32}.Debug|Any CPU.Build.0 = Debug|Any CPU
		{00305EEF-B604-48BB-9AB6-F20738746C32}.Release|Any CPU.ActiveCfg = Release|Any CPU
		{00305EEF-B604-48BB-9AB6-F20738746C32}.Release|Any CPU.Build.0 = Release|Any CPU
	EndGlobalSection
	GlobalSection(SolutionProperties) = preSolution
		HideSolutionNode = FALSE
	EndGlobalSection
	GlobalSection(ExtensibilityGlobals) = postSolution
		SolutionGuid = {41D74991-8ACD-402A-9481-7FC1CDFBB943}
	EndGlobalSection
EndGlobal
