
Microsoft Visual Studio Solution File, Format Version 12.00
# Visual Studio Version 16
VisualStudioVersion = 16.0.30621.155
MinimumVisualStudioVersion = 10.0.40219.1
Project("{FAE04EC0-301F-11D3-BF4B-00C04F79EFBC}") = "OlaMundo", "OlaMundo\OlaMundo.csproj", "{8B41D062-B3EF-4FB7-8B27-A9BD9286338D}"
EndProject
Global
	GlobalSection(SolutionConfigurationPlatforms) = preSolution
		Debug|Any CPU = Debug|Any CPU
		Release|Any CPU = Release|Any CPU
	EndGlobalSection
	GlobalSection(ProjectConfigurationPlatforms) = postSolution
		{8B41D062-B3EF-4FB7-8B27-A9BD9286338D}.Debug|Any CPU.ActiveCfg = Debug|Any CPU
		{8B41D062-B3EF-4FB7-8B27-A9BD9286338D}.Debug|Any CPU.Build.0 = Debug|Any CPU
		{8B41D062-B3EF-4FB7-8B27-A9BD9286338D}.Release|Any CPU.ActiveCfg = Release|Any CPU
		{8B41D062-B3EF-4FB7-8B27-A9BD9286338D}.Release|Any CPU.Build.0 = Release|Any CPU
	EndGlobalSection
	GlobalSection(SolutionProperties) = preSolution
		HideSolutionNode = FALSE
	EndGlobalSection
	GlobalSection(ExtensibilityGlobals) = postSolution
		SolutionGuid = {A0DF54C6-27BD-415D-A8CC-F6F9DB5B73C9}
	EndGlobalSection
EndGlobal
