
Microsoft Visual Studio Solution File, Format Version 12.00
# Visual Studio Version 16
VisualStudioVersion = 16.0.31129.286
MinimumVisualStudioVersion = 10.0.40219.1
Project("{FAE04EC0-301F-11D3-BF4B-00C04F79EFBC}") = "BankBR", "BankBR\BankBR.csproj", "{5690450C-C048-4F83-BEFE-6DA367A133FD}"
EndProject
Global
	GlobalSection(SolutionConfigurationPlatforms) = preSolution
		Debug|Any CPU = Debug|Any CPU
		Release|Any CPU = Release|Any CPU
	EndGlobalSection
	GlobalSection(ProjectConfigurationPlatforms) = postSolution
		{5690450C-C048-4F83-BEFE-6DA367A133FD}.Debug|Any CPU.ActiveCfg = Debug|Any CPU
		{5690450C-C048-4F83-BEFE-6DA367A133FD}.Debug|Any CPU.Build.0 = Debug|Any CPU
		{5690450C-C048-4F83-BEFE-6DA367A133FD}.Release|Any CPU.ActiveCfg = Release|Any CPU
		{5690450C-C048-4F83-BEFE-6DA367A133FD}.Release|Any CPU.Build.0 = Release|Any CPU
	EndGlobalSection
	GlobalSection(SolutionProperties) = preSolution
		HideSolutionNode = FALSE
	EndGlobalSection
	GlobalSection(ExtensibilityGlobals) = postSolution
		SolutionGuid = {47F12047-77B7-4635-ABF4-E3C2B47A75DD}
	EndGlobalSection
EndGlobal
